
Microsoft Visual Studio Solution File, Format Version 12.00
# Visual Studio Version 17
VisualStudioVersion = 17.2.32602.215
MinimumVisualStudioVersion = 10.0.40219.1
Project("{FAE04EC0-301F-11D3-BF4B-00C04F79EFBC}") = "CursorTool", "CursorTool\CursorTool.csproj", "{E3A1842B-AADB-45AF-9054-BF53EB415876}"
EndProject
Global
	GlobalSection(SolutionConfigurationPlatforms) = preSolution
		Debug|Any CPU = Debug|Any CPU
		Release|Any CPU = Release|Any CPU
	EndGlobalSection
	GlobalSection(ProjectConfigurationPlatforms) = postSolution
		{E3A1842B-AADB-45AF-9054-BF53EB415876}.Debug|Any CPU.ActiveCfg = Debug|Any CPU
		{E3A1842B-AADB-45AF-9054-BF53EB415876}.Debug|Any CPU.Build.0 = Debug|Any CPU
		{E3A1842B-AADB-45AF-9054-BF53EB415876}.Release|Any CPU.ActiveCfg = Release|Any CPU
		{E3A1842B-AADB-45AF-9054-BF53EB415876}.Release|Any CPU.Build.0 = Release|Any CPU
	EndGlobalSection
	GlobalSection(SolutionProperties) = preSolution
		HideSolutionNode = FALSE
	EndGlobalSection
	GlobalSection(ExtensibilityGlobals) = postSolution
		SolutionGuid = {6C3A40ED-A08A-481B-A643-6B84FD4F8E01}
	EndGlobalSection
EndGlobal
